{
  "version": 4,
  "terraform_version": "1.3.9",
  "serial": 241,
  "lineage": "97c91e19-d36f-600c-c75c-f49b8ffaa9af",
  "outputs": {
    "ssh_security_group_id": {
      "value": "sg-06d1992b1e9ed511c",
      "type": "string"
    }
  },
  "resources": [
    {
      "mode": "data",
      "type": "aws_ami",
      "name": "debian_image",
      "provider": "provider[\"registry.terraform.io/hashicorp/aws\"]",
      "instances": [
        {
          "schema_version": 0,
          "attributes": {
            "architecture": "x86_64",
            "arn": "arn:aws:ec2:ap-southeast-1::image/ami-066f1617073c3cd40",
            "block_device_mappings": [
              {
                "device_name": "/dev/xvda",
                "ebs": {
                  "delete_on_termination": "true",
                  "encrypted": "false",
                  "iops": "3000",
                  "snapshot_id": "snap-019fd20108b9f365f",
                  "throughput": "125",
                  "volume_size": "8",
                  "volume_type": "gp3"
                },
                "no_device": "",
                "virtual_name": ""
              }
            ],
            "boot_mode": "",
            "creation_date": "2023-07-24T09:12:10.000Z",
            "deprecation_time": "2025-07-24T09:12:10.000Z",
            "description": "Debian 12 (20230723-1450)",
            "ena_support": true,
            "executable_users": [
              "all"
            ],
            "filter": [
              {
                "name": "name",
                "values": [
                  "debian-12-*"
                ]
              },
              {
                "name": "root-device-type",
                "values": [
                  "ebs"
                ]
              },
              {
                "name": "virtualization-type",
                "values": [
                  "hvm"
                ]
              }
            ],
            "hypervisor": "xen",
            "id": "ami-066f1617073c3cd40",
            "image_id": "ami-066f1617073c3cd40",
            "image_location": "amazon/debian-12-amd64-20230723-1450",
            "image_owner_alias": "amazon",
            "image_type": "machine",
            "imds_support": "",
            "include_deprecated": false,
            "kernel_id": "",
            "most_recent": true,
            "name": "debian-12-amd64-20230723-1450",
            "name_regex": null,
            "owner_id": "136693071363",
            "owners": [
              "amazon"
            ],
            "platform": "",
            "platform_details": "Linux/UNIX",
            "product_codes": [],
            "public": true,
            "ramdisk_id": "",
            "root_device_name": "/dev/xvda",
            "root_device_type": "ebs",
            "root_snapshot_id": "snap-019fd20108b9f365f",
            "sriov_net_support": "simple",
            "state": "available",
            "state_reason": {
              "code": "UNSET",
              "message": "UNSET"
            },
            "tags": {},
            "timeouts": null,
            "tpm_support": "",
            "usage_operation": "RunInstances",
            "virtualization_type": "hvm"
          },
          "sensitive_attributes": []
        }
      ]
    },
    {
      "mode": "managed",
      "type": "aws_instance",
      "name": "app_server",
      "provider": "provider[\"registry.terraform.io/hashicorp/aws\"]",
      "instances": [
        {
          "schema_version": 1,
          "attributes": {
            "ami": "ami-066f1617073c3cd40",
            "arn": "arn:aws:ec2:ap-southeast-1:954649286566:instance/i-07ae3fcd7f8cbcf42",
            "associate_public_ip_address": true,
            "availability_zone": "ap-southeast-1a",
            "capacity_reservation_specification": [
              {
                "capacity_reservation_preference": "open",
                "capacity_reservation_target": []
              }
            ],
            "cpu_core_count": 1,
            "cpu_options": [
              {
                "amd_sev_snp": "",
                "core_count": 1,
                "threads_per_core": 1
              }
            ],
            "cpu_threads_per_core": 1,
            "credit_specification": [
              {
                "cpu_credits": "standard"
              }
            ],
            "disable_api_stop": false,
            "disable_api_termination": false,
            "ebs_block_device": [],
            "ebs_optimized": false,
            "enclave_options": [
              {
                "enabled": false
              }
            ],
            "ephemeral_block_device": [],
            "get_password_data": false,
            "hibernation": false,
            "host_id": "",
            "host_resource_group_arn": null,
            "iam_instance_profile": "",
            "id": "i-07ae3fcd7f8cbcf42",
            "instance_initiated_shutdown_behavior": "stop",
            "instance_state": "running",
            "instance_type": "t2.micro",
            "ipv6_address_count": 0,
            "ipv6_addresses": [],
            "key_name": "app-server-key",
            "launch_template": [],
            "maintenance_options": [
              {
                "auto_recovery": "default"
              }
            ],
            "metadata_options": [
              {
                "http_endpoint": "enabled",
                "http_put_response_hop_limit": 1,
                "http_tokens": "optional",
                "instance_metadata_tags": "disabled"
              }
            ],
            "monitoring": false,
            "network_interface": [],
            "outpost_arn": "",
            "password_data": "",
            "placement_group": "",
            "placement_partition_number": 0,
            "primary_network_interface_id": "eni-074d2afd704f6d3dc",
            "private_dns": "ip-172-31-22-228.ap-southeast-1.compute.internal",
            "private_dns_name_options": [
              {
                "enable_resource_name_dns_a_record": false,
                "enable_resource_name_dns_aaaa_record": false,
                "hostname_type": "ip-name"
              }
            ],
            "private_ip": "172.31.22.228",
            "public_dns": "ec2-18-143-65-82.ap-southeast-1.compute.amazonaws.com",
            "public_ip": "18.143.65.82",
            "root_block_device": [
              {
                "delete_on_termination": true,
                "device_name": "/dev/xvda",
                "encrypted": false,
                "iops": 3000,
                "kms_key_id": "",
                "tags": {},
                "throughput": 125,
                "volume_id": "vol-084852e0e8d1cdc2c",
                "volume_size": 8,
                "volume_type": "gp3"
              }
            ],
            "secondary_private_ips": [],
            "security_groups": [
              "terraform-20230802031106833300000001"
            ],
            "source_dest_check": true,
            "subnet_id": "subnet-01a24fc71cd906d58",
            "tags": {
              "Name": "AppServerInstance"
            },
            "tags_all": {
              "Name": "AppServerInstance"
            },
            "tenancy": "default",
            "timeouts": null,
            "user_data": null,
            "user_data_base64": null,
            "user_data_replace_on_change": false,
            "volume_tags": null,
            "vpc_security_group_ids": [
              "sg-06d1992b1e9ed511c"
            ]
          },
          "sensitive_attributes": [],
          "private": "eyJlMmJmYjczMC1lY2FhLTExZTYtOGY4OC0zNDM2M2JjN2M0YzAiOnsiY3JlYXRlIjo2MDAwMDAwMDAwMDAsImRlbGV0ZSI6MTIwMDAwMDAwMDAwMCwidXBkYXRlIjo2MDAwMDAwMDAwMDB9LCJzY2hlbWFfdmVyc2lvbiI6IjEifQ==",
          "dependencies": [
            "aws_key_pair.key_pair",
            "aws_security_group.allow_ssh",
            "data.aws_ami.debian_image",
            "tls_private_key.key"
          ]
        }
      ]
    },
    {
      "mode": "managed",
      "type": "aws_key_pair",
      "name": "key_pair",
      "provider": "provider[\"registry.terraform.io/hashicorp/aws\"]",
      "instances": [
        {
          "schema_version": 1,
          "attributes": {
            "arn": "arn:aws:ec2:ap-southeast-1:954649286566:key-pair/app-server-key",
            "fingerprint": "33:5f:0c:dd:da:58:f3:57:9e:04:67:fc:62:15:ee:b6",
            "id": "app-server-key",
            "key_name": "app-server-key",
            "key_name_prefix": "",
            "key_pair_id": "key-058e5e3f0478ab447",
            "key_type": "rsa",
            "public_key": "ssh-rsa AAAAB3NzaC1yc2EAAAADAQABAAABAQDLcvsrtWLGmFKqVM4r7GpsYwJ52sCMCAJOGPi8hcl6w6g80PxV5oK+A4r1GroHWmhmLRUgPL8Rn+Odap1PlM8dIAbqQStdLZnohWq2QKu+20GePP1/4cZxeGVL9/nV4oXUtzdRNkanNqTUXIf1jbYECYU/6h5EQpQMqL4uA5PSHMsCcm/lf6VeskNw72Yrf2Aicf1KIoZH9ibzdGJcMLnvZXwV7dwRV8AJ9/v/qp1mGBcqeD1ebo2Q+x/1pPzFkLVNE7Sl9EpbVSH/YIeGzkd97M0cDJBofHQVDNA0sJBYx1+8DApU911c+qBGHOqbcWLD5aw+xfDU9aWM++Smp+ov",
            "tags": {},
            "tags_all": {}
          },
          "sensitive_attributes": [],
          "private": "eyJzY2hlbWFfdmVyc2lvbiI6IjEifQ==",
          "dependencies": [
            "tls_private_key.key"
          ]
        }
      ]
    },
    {
      "mode": "managed",
      "type": "aws_security_group",
      "name": "allow_ssh",
      "provider": "provider[\"registry.terraform.io/hashicorp/aws\"]",
      "instances": [
        {
          "schema_version": 1,
          "attributes": {
            "arn": "arn:aws:ec2:ap-southeast-1:954649286566:security-group/sg-06d1992b1e9ed511c",
            "description": "Managed by Terraform",
            "egress": [
              {
                "cidr_blocks": [
                  "0.0.0.0/0"
                ],
                "description": "",
                "from_port": 0,
                "ipv6_cidr_blocks": [],
                "prefix_list_ids": [],
                "protocol": "-1",
                "security_groups": [],
                "self": false,
                "to_port": 0
              }
            ],
            "id": "sg-06d1992b1e9ed511c",
            "ingress": [
              {
                "cidr_blocks": [
                  "0.0.0.0/0"
                ],
                "description": "",
                "from_port": 22,
                "ipv6_cidr_blocks": [],
                "prefix_list_ids": [],
                "protocol": "tcp",
                "security_groups": [],
                "self": false,
                "to_port": 22
              },
              {
                "cidr_blocks": [
                  "0.0.0.0/0"
                ],
                "description": "",
                "from_port": 80,
                "ipv6_cidr_blocks": [],
                "prefix_list_ids": [],
                "protocol": "tcp",
                "security_groups": [],
                "self": false,
                "to_port": 80
              }
            ],
            "name": "terraform-20230802031106833300000001",
            "name_prefix": "terraform-",
            "owner_id": "954649286566",
            "revoke_rules_on_delete": false,
            "tags": {},
            "tags_all": {},
            "timeouts": null,
            "vpc_id": "vpc-08fb175f949a24955"
          },
          "sensitive_attributes": [],
          "private": "eyJlMmJmYjczMC1lY2FhLTExZTYtOGY4OC0zNDM2M2JjN2M0YzAiOnsiY3JlYXRlIjo2MDAwMDAwMDAwMDAsImRlbGV0ZSI6OTAwMDAwMDAwMDAwfSwic2NoZW1hX3ZlcnNpb24iOiIxIn0="
        }
      ]
    },
    {
      "mode": "managed",
      "type": "local_file",
      "name": "cloud_pem",
      "provider": "provider[\"registry.terraform.io/hashicorp/local\"]",
      "instances": [
        {
          "schema_version": 0,
          "attributes": {
            "content": "-----BEGIN RSA PRIVATE KEY-----\nMIIEpAIBAAKCAQEAy3L7K7VixphSqlTOK+xqbGMCedrAjAgCThj4vIXJesOoPND8\nVeaCvgOK9Rq6B1poZi0VIDy/EZ/jnWqdT5TPHSAG6kErXS2Z6IVqtkCrvttBnjz9\nf+HGcXhlS/f51eKF1Lc3UTZGpzak1FyH9Y22BAmFP+oeREKUDKi+LgOT0hzLAnJv\n5X+lXrJDcO9mK39gInH9SiKGR/Ym83RiXDC572V8Fe3cEVfACff7/6qdZhgXKng9\nXm6NkPsf9aT8xZC1TRO0pfRKW1Uh/2CHhs5HfezNHAyQaHx0FQzQNLCQWMdfvAwK\nVPddXPqgRhzqm3Fiw+WsPsXw1PWljPvkpqfqLwIDAQABAoIBAHEv9hc6IcsVQaBr\n8Aw1ynukleMPVeJSLl4evHu9/vri0b2ME2cDCKgINo3ooainnr+Bw2gdA7wddTfF\n8eEtjBDLGa3INgTv8tmPKHBfCG31c8tCaVJ1XL8SWWDrhD5/eS+AAzGWfbZXy1ou\nZKGzhpk2ZsDJUq9tTwq/8paM/Pd+eRL8wLvhgXOsF3xW86yHULWRvO4lxOCxl7f8\nv5duvDTrRiN9hPAFaVEZ14IPleuQxnuAeCSBC7+AV4aKyFWkdfByiNcwRia2f6mq\nFYB+dM4RbS5h4hjquGdJUFMZi82D7K2zsuUN4WbSbVq8O0XQUSRu1sQaLGsUnQZs\nB+pSD3ECgYEA8LZC+PMD4tvtjPM51crtfU/zCdqJCpSr4PDwEB2w+25Xd/JAqlB5\n03zoO2Jb/G5T3m3NpQxEhml82p5+2JLJZzm1O7daWFWpCGtMIH1oY6TYyH4Vr5L6\na+Foeqe/is1M4NOE6y7R4nxGoXMXnLELuaYPwMj1RItj6ye8M29hfkkCgYEA2F7c\n7rB36rhQtujHi5B39H7UAJLKus+IenmmOscr4OHheSgGarEIGRcFHjb8jRNiDQVi\noyBz5ztnnP5w49T/b3ZNK42m3K2EOxxMvxexhv70uQkAiweB1xhsN2mjygTHV2cT\nRlJwDlUCsBLIfJXQyle2Jb5dmVB2vrE19WARhLcCgYEA5iJLG3ozb/Q2RDjSRY1S\nyyjhwrz1onELdu7DhZTtfSU8aQfqPSrdno3f9c6PBWNxucme/7of1aYK4XUA7ww/\nk/o/RE2DCcsz5UG4MaPUZtfXDrBFCWxrETMbUZEJdqnbY2O2w6cqsO+CE59Wps85\n149lpjo7DAJ8T/nYXBCT1EkCgYEAs1+5ctuzHlCdAXXrb6Vd/MBkCvGmxcYlE7vj\n9hiGJNG99Y4b+7k1yG8QHCNjraTjBX5wbmIKFCloVXuOpSJAfOwrP68YJRxoYgSt\nD0KaNxsIUJnI7HlVx7cEh8+5LFJX2/qkvQi8wvTw3H1F3hrpU8XxSEsQF3jgaGhL\nHlf9TfMCgYBK64U66g2BPXTtET9lPqShml6KF+9R7m+Lf1ulh9V65w3Q6W/o+fVm\n+5RAt4Lw3dARsj+5A6DuK8Afq7n/dyaYLCr5oGTPn48F9tH04AnvmhMm3P6ip7/+\nt6yzHwsq2tpungomBI5uZq11wOxRkVMLrN4z2YjbOhtyjQUP6Txanw==\n-----END RSA PRIVATE KEY-----\n",
            "content_base64": null,
            "content_base64sha256": "ZW6peE0bFiKdOBSfZN3pIgQqgSFThKOPQq9zFwbG0XQ=",
            "content_base64sha512": "l02UFgIG7jzIlEBsVaJmk+qGTy3WmbZwje1l+5QGMZ54ww89qzDOGsb6ruSlSCdPlfm5k3P4dss/J4nAp27UCg==",
            "content_md5": "45b69ddbacc60d4199fd76efee539722",
            "content_sha1": "7bd0c1a753ae1b7c8eb7beb1ce6dddf9171ff1d9",
            "content_sha256": "656ea9784d1b16229d38149f64dde922042a81215384a38f42af731706c6d174",
            "content_sha512": "974d94160206ee3cc894406c55a26693ea864f2dd699b6708ded65fb9406319e78c30f3dab30ce1ac6faaee4a548274f95f9b99373f876cb3f2789c0a76ed40a",
            "directory_permission": "0777",
            "file_permission": "0400",
            "filename": "./app-server-key.pem",
            "id": "7bd0c1a753ae1b7c8eb7beb1ce6dddf9171ff1d9",
            "sensitive_content": null,
            "source": null
          },
          "sensitive_attributes": [
            [
              {
                "type": "get_attr",
                "value": "content"
              }
            ]
          ],
          "dependencies": [
            "tls_private_key.key"
          ]
        }
      ]
    },
    {
      "mode": "managed",
      "type": "tls_private_key",
      "name": "key",
      "provider": "provider[\"registry.terraform.io/hashicorp/tls\"]",
      "instances": [
        {
          "schema_version": 1,
          "attributes": {
            "algorithm": "RSA",
            "ecdsa_curve": "P224",
            "id": "4638247cabeba895ab7f9eff46d6b4e28e510ab9",
            "private_key_openssh": "-----BEGIN OPENSSH PRIVATE KEY-----\nb3BlbnNzaC1rZXktdjEAAAAABG5vbmUAAAAEbm9uZQAAAAAAAAABAAABFwAAAAdz\nc2gtcnNhAAAAAwEAAQAAAQEAy3L7K7VixphSqlTOK+xqbGMCedrAjAgCThj4vIXJ\nesOoPND8VeaCvgOK9Rq6B1poZi0VIDy/EZ/jnWqdT5TPHSAG6kErXS2Z6IVqtkCr\nvttBnjz9f+HGcXhlS/f51eKF1Lc3UTZGpzak1FyH9Y22BAmFP+oeREKUDKi+LgOT\n0hzLAnJv5X+lXrJDcO9mK39gInH9SiKGR/Ym83RiXDC572V8Fe3cEVfACff7/6qd\nZhgXKng9Xm6NkPsf9aT8xZC1TRO0pfRKW1Uh/2CHhs5HfezNHAyQaHx0FQzQNLCQ\nWMdfvAwKVPddXPqgRhzqm3Fiw+WsPsXw1PWljPvkpqfqLwAAA7hGwLKvRsCyrwAA\nAAdzc2gtcnNhAAABAQDLcvsrtWLGmFKqVM4r7GpsYwJ52sCMCAJOGPi8hcl6w6g8\n0PxV5oK+A4r1GroHWmhmLRUgPL8Rn+Odap1PlM8dIAbqQStdLZnohWq2QKu+20Ge\nPP1/4cZxeGVL9/nV4oXUtzdRNkanNqTUXIf1jbYECYU/6h5EQpQMqL4uA5PSHMsC\ncm/lf6VeskNw72Yrf2Aicf1KIoZH9ibzdGJcMLnvZXwV7dwRV8AJ9/v/qp1mGBcq\neD1ebo2Q+x/1pPzFkLVNE7Sl9EpbVSH/YIeGzkd97M0cDJBofHQVDNA0sJBYx1+8\nDApU911c+qBGHOqbcWLD5aw+xfDU9aWM++Smp+ovAAAAAwEAAQAAAQBxL/YXOiHL\nFUGga/AMNcp7pJXjD1XiUi5eHrx7vf764tG9jBNnAwioCDaN6KGop56/gcNoHQO8\nHXU3xfHhLYwQyxmtyDYE7/LZjyhwXwht9XPLQmlSdVy/Ellg64Q+f3kvgAMxln22\nV8taLmShs4aZNmbAyVKvbU8Kv/KWjPz3fnkS/MC74YFzrBd8VvOsh1C1kbzuJcTg\nsZe3/L+Xbrw060YjfYTwBWlRGdeCD5XrkMZ7gHgkgQu/gFeGishVpHXwcojXMEYm\ntn+pqhWAfnTOEW0uYeIY6rhnSVBTGYvNg+yts7LlDeFm0m1avDtF0FEkbtbEGixr\nFJ0GbAfqUg9xAAAAgErrhTrqDYE9dO0RP2U+pKGaXooX71Hub4t/W6WH1XrnDdDp\nb+j59Wb7lEC3gvDd0BGyP7kDoO4rwB+ruf93JpgsKvmgZM+fjwX20fTgCe+aEybc\n/qKnv/63rLMfCyra2m6eCiYEjm5mrXXA7FGRUwus3jPZiNs6G3KNBQ/pPFqfAAAA\ngQDwtkL48wPi2+2M8znVyu19T/MJ2okKlKvg8PAQHbD7bld38kCqUHnTfOg7Ylv8\nblPebc2lDESGaXzann7YkslnObU7t1pYVakIa0wgfWhjpNjIfhWvkvpr4Wh6p7+K\nzUzg04TrLtHifEahcxecsQu5pg/AyPVEi2PrJ7wzb2F+SQAAAIEA2F7c7rB36rhQ\ntujHi5B39H7UAJLKus+IenmmOscr4OHheSgGarEIGRcFHjb8jRNiDQVioyBz5ztn\nnP5w49T/b3ZNK42m3K2EOxxMvxexhv70uQkAiweB1xhsN2mjygTHV2cTRlJwDlUC\nsBLIfJXQyle2Jb5dmVB2vrE19WARhLcAAAAAAQID\n-----END OPENSSH PRIVATE KEY-----\n",
            "private_key_pem": "-----BEGIN RSA PRIVATE KEY-----\nMIIEpAIBAAKCAQEAy3L7K7VixphSqlTOK+xqbGMCedrAjAgCThj4vIXJesOoPND8\nVeaCvgOK9Rq6B1poZi0VIDy/EZ/jnWqdT5TPHSAG6kErXS2Z6IVqtkCrvttBnjz9\nf+HGcXhlS/f51eKF1Lc3UTZGpzak1FyH9Y22BAmFP+oeREKUDKi+LgOT0hzLAnJv\n5X+lXrJDcO9mK39gInH9SiKGR/Ym83RiXDC572V8Fe3cEVfACff7/6qdZhgXKng9\nXm6NkPsf9aT8xZC1TRO0pfRKW1Uh/2CHhs5HfezNHAyQaHx0FQzQNLCQWMdfvAwK\nVPddXPqgRhzqm3Fiw+WsPsXw1PWljPvkpqfqLwIDAQABAoIBAHEv9hc6IcsVQaBr\n8Aw1ynukleMPVeJSLl4evHu9/vri0b2ME2cDCKgINo3ooainnr+Bw2gdA7wddTfF\n8eEtjBDLGa3INgTv8tmPKHBfCG31c8tCaVJ1XL8SWWDrhD5/eS+AAzGWfbZXy1ou\nZKGzhpk2ZsDJUq9tTwq/8paM/Pd+eRL8wLvhgXOsF3xW86yHULWRvO4lxOCxl7f8\nv5duvDTrRiN9hPAFaVEZ14IPleuQxnuAeCSBC7+AV4aKyFWkdfByiNcwRia2f6mq\nFYB+dM4RbS5h4hjquGdJUFMZi82D7K2zsuUN4WbSbVq8O0XQUSRu1sQaLGsUnQZs\nB+pSD3ECgYEA8LZC+PMD4tvtjPM51crtfU/zCdqJCpSr4PDwEB2w+25Xd/JAqlB5\n03zoO2Jb/G5T3m3NpQxEhml82p5+2JLJZzm1O7daWFWpCGtMIH1oY6TYyH4Vr5L6\na+Foeqe/is1M4NOE6y7R4nxGoXMXnLELuaYPwMj1RItj6ye8M29hfkkCgYEA2F7c\n7rB36rhQtujHi5B39H7UAJLKus+IenmmOscr4OHheSgGarEIGRcFHjb8jRNiDQVi\noyBz5ztnnP5w49T/b3ZNK42m3K2EOxxMvxexhv70uQkAiweB1xhsN2mjygTHV2cT\nRlJwDlUCsBLIfJXQyle2Jb5dmVB2vrE19WARhLcCgYEA5iJLG3ozb/Q2RDjSRY1S\nyyjhwrz1onELdu7DhZTtfSU8aQfqPSrdno3f9c6PBWNxucme/7of1aYK4XUA7ww/\nk/o/RE2DCcsz5UG4MaPUZtfXDrBFCWxrETMbUZEJdqnbY2O2w6cqsO+CE59Wps85\n149lpjo7DAJ8T/nYXBCT1EkCgYEAs1+5ctuzHlCdAXXrb6Vd/MBkCvGmxcYlE7vj\n9hiGJNG99Y4b+7k1yG8QHCNjraTjBX5wbmIKFCloVXuOpSJAfOwrP68YJRxoYgSt\nD0KaNxsIUJnI7HlVx7cEh8+5LFJX2/qkvQi8wvTw3H1F3hrpU8XxSEsQF3jgaGhL\nHlf9TfMCgYBK64U66g2BPXTtET9lPqShml6KF+9R7m+Lf1ulh9V65w3Q6W/o+fVm\n+5RAt4Lw3dARsj+5A6DuK8Afq7n/dyaYLCr5oGTPn48F9tH04AnvmhMm3P6ip7/+\nt6yzHwsq2tpungomBI5uZq11wOxRkVMLrN4z2YjbOhtyjQUP6Txanw==\n-----END RSA PRIVATE KEY-----\n",
            "private_key_pem_pkcs8": "-----BEGIN PRIVATE KEY-----\nMIIEvgIBADANBgkqhkiG9w0BAQEFAASCBKgwggSkAgEAAoIBAQDLcvsrtWLGmFKq\nVM4r7GpsYwJ52sCMCAJOGPi8hcl6w6g80PxV5oK+A4r1GroHWmhmLRUgPL8Rn+Od\nap1PlM8dIAbqQStdLZnohWq2QKu+20GePP1/4cZxeGVL9/nV4oXUtzdRNkanNqTU\nXIf1jbYECYU/6h5EQpQMqL4uA5PSHMsCcm/lf6VeskNw72Yrf2Aicf1KIoZH9ibz\ndGJcMLnvZXwV7dwRV8AJ9/v/qp1mGBcqeD1ebo2Q+x/1pPzFkLVNE7Sl9EpbVSH/\nYIeGzkd97M0cDJBofHQVDNA0sJBYx1+8DApU911c+qBGHOqbcWLD5aw+xfDU9aWM\n++Smp+ovAgMBAAECggEAcS/2FzohyxVBoGvwDDXKe6SV4w9V4lIuXh68e73++uLR\nvYwTZwMIqAg2jeihqKeev4HDaB0DvB11N8Xx4S2MEMsZrcg2BO/y2Y8ocF8IbfVz\ny0JpUnVcvxJZYOuEPn95L4ADMZZ9tlfLWi5kobOGmTZmwMlSr21PCr/yloz89355\nEvzAu+GBc6wXfFbzrIdQtZG87iXE4LGXt/y/l268NOtGI32E8AVpURnXgg+V65DG\ne4B4JIELv4BXhorIVaR18HKI1zBGJrZ/qaoVgH50zhFtLmHiGOq4Z0lQUxmLzYPs\nrbOy5Q3hZtJtWrw7RdBRJG7WxBosaxSdBmwH6lIPcQKBgQDwtkL48wPi2+2M8znV\nyu19T/MJ2okKlKvg8PAQHbD7bld38kCqUHnTfOg7Ylv8blPebc2lDESGaXzann7Y\nkslnObU7t1pYVakIa0wgfWhjpNjIfhWvkvpr4Wh6p7+KzUzg04TrLtHifEahcxec\nsQu5pg/AyPVEi2PrJ7wzb2F+SQKBgQDYXtzusHfquFC26MeLkHf0ftQAksq6z4h6\neaY6xyvg4eF5KAZqsQgZFwUeNvyNE2INBWKjIHPnO2ec/nDj1P9vdk0rjabcrYQ7\nHEy/F7GG/vS5CQCLB4HXGGw3aaPKBMdXZxNGUnAOVQKwEsh8ldDKV7Ylvl2ZUHa+\nsTX1YBGEtwKBgQDmIksbejNv9DZEONJFjVLLKOHCvPWicQt27sOFlO19JTxpB+o9\nKt2ejd/1zo8FY3G5yZ7/uh/VpgrhdQDvDD+T+j9ETYMJyzPlQbgxo9Rm19cOsEUJ\nbGsRMxtRkQl2qdtjY7bDpyqw74ITn1amzznXj2WmOjsMAnxP+dhcEJPUSQKBgQCz\nX7ly27MeUJ0BdetvpV38wGQK8abFxiUTu+P2GIYk0b31jhv7uTXIbxAcI2OtpOMF\nfnBuYgoUKWhVe46lIkB87Cs/rxglHGhiBK0PQpo3GwhQmcjseVXHtwSHz7ksUlfb\n+qS9CLzC9PDcfUXeGulTxfFISxAXeOBoaEseV/1N8wKBgErrhTrqDYE9dO0RP2U+\npKGaXooX71Hub4t/W6WH1XrnDdDpb+j59Wb7lEC3gvDd0BGyP7kDoO4rwB+ruf93\nJpgsKvmgZM+fjwX20fTgCe+aEybc/qKnv/63rLMfCyra2m6eCiYEjm5mrXXA7FGR\nUwus3jPZiNs6G3KNBQ/pPFqf\n-----END PRIVATE KEY-----\n",
            "public_key_fingerprint_md5": "0f:6b:c4:01:61:a3:88:9f:3e:ad:c9:92:53:52:50:80",
            "public_key_fingerprint_sha256": "SHA256:vZK/yTVuxy+7NX6X1YFlcjtvTV7x++8/swlW3/TsQJQ",
            "public_key_openssh": "ssh-rsa AAAAB3NzaC1yc2EAAAADAQABAAABAQDLcvsrtWLGmFKqVM4r7GpsYwJ52sCMCAJOGPi8hcl6w6g80PxV5oK+A4r1GroHWmhmLRUgPL8Rn+Odap1PlM8dIAbqQStdLZnohWq2QKu+20GePP1/4cZxeGVL9/nV4oXUtzdRNkanNqTUXIf1jbYECYU/6h5EQpQMqL4uA5PSHMsCcm/lf6VeskNw72Yrf2Aicf1KIoZH9ibzdGJcMLnvZXwV7dwRV8AJ9/v/qp1mGBcqeD1ebo2Q+x/1pPzFkLVNE7Sl9EpbVSH/YIeGzkd97M0cDJBofHQVDNA0sJBYx1+8DApU911c+qBGHOqbcWLD5aw+xfDU9aWM++Smp+ov\n",
            "public_key_pem": "-----BEGIN PUBLIC KEY-----\nMIIBIjANBgkqhkiG9w0BAQEFAAOCAQ8AMIIBCgKCAQEAy3L7K7VixphSqlTOK+xq\nbGMCedrAjAgCThj4vIXJesOoPND8VeaCvgOK9Rq6B1poZi0VIDy/EZ/jnWqdT5TP\nHSAG6kErXS2Z6IVqtkCrvttBnjz9f+HGcXhlS/f51eKF1Lc3UTZGpzak1FyH9Y22\nBAmFP+oeREKUDKi+LgOT0hzLAnJv5X+lXrJDcO9mK39gInH9SiKGR/Ym83RiXDC5\n72V8Fe3cEVfACff7/6qdZhgXKng9Xm6NkPsf9aT8xZC1TRO0pfRKW1Uh/2CHhs5H\nfezNHAyQaHx0FQzQNLCQWMdfvAwKVPddXPqgRhzqm3Fiw+WsPsXw1PWljPvkpqfq\nLwIDAQAB\n-----END PUBLIC KEY-----\n",
            "rsa_bits": 2048
          },
          "sensitive_attributes": []
        }
      ]
    }
  ],
  "check_results": null
}
