{
  "version": 4,
  "terraform_version": "1.3.9",
  "serial": 239,
  "lineage": "97c91e19-d36f-600c-c75c-f49b8ffaa9af",
  "outputs": {
    "jenkins_instance_endpoint": {
      "value": "ec2-18-142-186-134.ap-southeast-1.compute.amazonaws.com",
      "type": "string"
    },
    "ssh_security_group_id": {
      "value": "sg-07247fbda59959be8",
      "type": "string"
    }
  },
  "resources": [
    {
      "mode": "data",
      "type": "aws_ami",
      "name": "debian_image",
      "provider": "provider[\"registry.terraform.io/hashicorp/aws\"]",
      "instances": [
        {
          "schema_version": 0,
          "attributes": {
            "architecture": "x86_64",
            "arn": "arn:aws:ec2:ap-southeast-1::image/ami-066f1617073c3cd40",
            "block_device_mappings": [
              {
                "device_name": "/dev/xvda",
                "ebs": {
                  "delete_on_termination": "true",
                  "encrypted": "false",
                  "iops": "3000",
                  "snapshot_id": "snap-019fd20108b9f365f",
                  "throughput": "125",
                  "volume_size": "8",
                  "volume_type": "gp3"
                },
                "no_device": "",
                "virtual_name": ""
              }
            ],
            "boot_mode": "",
            "creation_date": "2023-07-24T09:12:10.000Z",
            "deprecation_time": "2025-07-24T09:12:10.000Z",
            "description": "Debian 12 (20230723-1450)",
            "ena_support": true,
            "executable_users": [
              "all"
            ],
            "filter": [
              {
                "name": "name",
                "values": [
                  "debian-12-*"
                ]
              },
              {
                "name": "root-device-type",
                "values": [
                  "ebs"
                ]
              },
              {
                "name": "virtualization-type",
                "values": [
                  "hvm"
                ]
              }
            ],
            "hypervisor": "xen",
            "id": "ami-066f1617073c3cd40",
            "image_id": "ami-066f1617073c3cd40",
            "image_location": "amazon/debian-12-amd64-20230723-1450",
            "image_owner_alias": "amazon",
            "image_type": "machine",
            "imds_support": "",
            "include_deprecated": false,
            "kernel_id": "",
            "most_recent": true,
            "name": "debian-12-amd64-20230723-1450",
            "name_regex": null,
            "owner_id": "136693071363",
            "owners": [
              "amazon"
            ],
            "platform": "",
            "platform_details": "Linux/UNIX",
            "product_codes": [],
            "public": true,
            "ramdisk_id": "",
            "root_device_name": "/dev/xvda",
            "root_device_type": "ebs",
            "root_snapshot_id": "snap-019fd20108b9f365f",
            "sriov_net_support": "simple",
            "state": "available",
            "state_reason": {
              "code": "UNSET",
              "message": "UNSET"
            },
            "tags": {},
            "timeouts": null,
            "tpm_support": "",
            "usage_operation": "RunInstances",
            "virtualization_type": "hvm"
          },
          "sensitive_attributes": []
        }
      ]
    },
    {
      "mode": "managed",
      "type": "aws_instance",
      "name": "jenkins_server",
      "provider": "provider[\"registry.terraform.io/hashicorp/aws\"]",
      "instances": [
        {
          "schema_version": 1,
          "attributes": {
            "ami": "ami-066f1617073c3cd40",
            "arn": "arn:aws:ec2:ap-southeast-1:954649286566:instance/i-006fe4f39dd44fead",
            "associate_public_ip_address": true,
            "availability_zone": "ap-southeast-1a",
            "capacity_reservation_specification": [
              {
                "capacity_reservation_preference": "open",
                "capacity_reservation_target": []
              }
            ],
            "cpu_core_count": 1,
            "cpu_options": [
              {
                "amd_sev_snp": "",
                "core_count": 1,
                "threads_per_core": 1
              }
            ],
            "cpu_threads_per_core": 1,
            "credit_specification": [
              {
                "cpu_credits": "standard"
              }
            ],
            "disable_api_stop": false,
            "disable_api_termination": false,
            "ebs_block_device": [],
            "ebs_optimized": false,
            "enclave_options": [
              {
                "enabled": false
              }
            ],
            "ephemeral_block_device": [],
            "get_password_data": false,
            "hibernation": false,
            "host_id": "",
            "host_resource_group_arn": null,
            "iam_instance_profile": "",
            "id": "i-006fe4f39dd44fead",
            "instance_initiated_shutdown_behavior": "stop",
            "instance_state": "running",
            "instance_type": "t2.micro",
            "ipv6_address_count": 0,
            "ipv6_addresses": [],
            "key_name": "ansible-key",
            "launch_template": [],
            "maintenance_options": [
              {
                "auto_recovery": "default"
              }
            ],
            "metadata_options": [
              {
                "http_endpoint": "enabled",
                "http_put_response_hop_limit": 1,
                "http_tokens": "optional",
                "instance_metadata_tags": "disabled"
              }
            ],
            "monitoring": false,
            "network_interface": [],
            "outpost_arn": "",
            "password_data": "",
            "placement_group": "",
            "placement_partition_number": 0,
            "primary_network_interface_id": "eni-079629db239a65672",
            "private_dns": "ip-172-31-23-236.ap-southeast-1.compute.internal",
            "private_dns_name_options": [
              {
                "enable_resource_name_dns_a_record": false,
                "enable_resource_name_dns_aaaa_record": false,
                "hostname_type": "ip-name"
              }
            ],
            "private_ip": "172.31.23.236",
            "public_dns": "ec2-18-142-186-134.ap-southeast-1.compute.amazonaws.com",
            "public_ip": "18.142.186.134",
            "root_block_device": [
              {
                "delete_on_termination": true,
                "device_name": "/dev/xvda",
                "encrypted": false,
                "iops": 3000,
                "kms_key_id": "",
                "tags": {},
                "throughput": 125,
                "volume_id": "vol-0f4d31ff809f87169",
                "volume_size": 8,
                "volume_type": "gp3"
              }
            ],
            "secondary_private_ips": [],
            "security_groups": [
              "terraform-20230801104435584800000001",
              "terraform-20230801104435587900000002"
            ],
            "source_dest_check": true,
            "subnet_id": "subnet-01a24fc71cd906d58",
            "tags": {
              "Name": "JenkinsServerInstance"
            },
            "tags_all": {
              "Name": "JenkinsServerInstance"
            },
            "tenancy": "default",
            "timeouts": null,
            "user_data": null,
            "user_data_base64": null,
            "user_data_replace_on_change": false,
            "volume_tags": null,
            "vpc_security_group_ids": [
              "sg-07247fbda59959be8",
              "sg-092300e1fc3b85d21"
            ]
          },
          "sensitive_attributes": [],
          "private": "eyJlMmJmYjczMC1lY2FhLTExZTYtOGY4OC0zNDM2M2JjN2M0YzAiOnsiY3JlYXRlIjo2MDAwMDAwMDAwMDAsImRlbGV0ZSI6MTIwMDAwMDAwMDAwMCwidXBkYXRlIjo2MDAwMDAwMDAwMDB9LCJzY2hlbWFfdmVyc2lvbiI6IjEifQ==",
          "dependencies": [
            "aws_key_pair.key_pair",
            "aws_security_group.allow_ssh",
            "aws_security_group.jenkins",
            "data.aws_ami.debian_image",
            "tls_private_key.key"
          ]
        }
      ]
    },
    {
      "mode": "managed",
      "type": "aws_key_pair",
      "name": "key_pair",
      "provider": "provider[\"registry.terraform.io/hashicorp/aws\"]",
      "instances": [
        {
          "schema_version": 1,
          "attributes": {
            "arn": "arn:aws:ec2:ap-southeast-1:954649286566:key-pair/ansible-key",
            "fingerprint": "c2:71:22:a9:fc:73:3b:24:e8:75:f5:1b:c6:ca:f7:73",
            "id": "ansible-key",
            "key_name": "ansible-key",
            "key_name_prefix": "",
            "key_pair_id": "key-0faba4c3fa7d8e547",
            "key_type": "rsa",
            "public_key": "ssh-rsa AAAAB3NzaC1yc2EAAAADAQABAAABAQC9MF0vMCh6wkfFWGPnOp+3QFZPXj+JAy03uqqAMazISMHy6v/0BgQer840ubZdb5iKl72ecTVTUh5Cqhr3DC80A51q6BN7vKkbHsXdnHIm33TQv5tnviHuB7ZmjjA2+ZG02WcI0bVY5sVhBCQc4xQYl9l2voFJNmeZj9pjSoB0wojJElHisR1hh/RCnMnCn6XUkgJpAUIqbwcLxB6NOozU6k4t/Y9XVks265JNmb3ZWrEPbI7ppOIA7iL8KW0WGxO3lhPs9YZFt4/cBdTih3ySYh5WjKRHDa6aJRpEqK8sjkT57VUWomiPwiDPY5X0EOPS/8/YpwFHTn2cEzbg4gf/",
            "tags": null,
            "tags_all": {}
          },
          "sensitive_attributes": [],
          "private": "eyJzY2hlbWFfdmVyc2lvbiI6IjEifQ==",
          "dependencies": [
            "tls_private_key.key"
          ]
        }
      ]
    },
    {
      "mode": "managed",
      "type": "aws_security_group",
      "name": "allow_ssh",
      "provider": "provider[\"registry.terraform.io/hashicorp/aws\"]",
      "instances": [
        {
          "schema_version": 1,
          "attributes": {
            "arn": "arn:aws:ec2:ap-southeast-1:954649286566:security-group/sg-07247fbda59959be8",
            "description": "Managed by Terraform",
            "egress": [
              {
                "cidr_blocks": [
                  "0.0.0.0/0"
                ],
                "description": "",
                "from_port": 0,
                "ipv6_cidr_blocks": [],
                "prefix_list_ids": [],
                "protocol": "-1",
                "security_groups": [],
                "self": false,
                "to_port": 0
              }
            ],
            "id": "sg-07247fbda59959be8",
            "ingress": [
              {
                "cidr_blocks": [
                  "0.0.0.0/0"
                ],
                "description": "",
                "from_port": 22,
                "ipv6_cidr_blocks": [],
                "prefix_list_ids": [],
                "protocol": "tcp",
                "security_groups": [],
                "self": false,
                "to_port": 22
              },
              {
                "cidr_blocks": [
                  "0.0.0.0/0"
                ],
                "description": "",
                "from_port": 80,
                "ipv6_cidr_blocks": [],
                "prefix_list_ids": [],
                "protocol": "tcp",
                "security_groups": [],
                "self": false,
                "to_port": 80
              }
            ],
            "name": "terraform-20230801104435587900000002",
            "name_prefix": "terraform-",
            "owner_id": "954649286566",
            "revoke_rules_on_delete": false,
            "tags": null,
            "tags_all": {},
            "timeouts": null,
            "vpc_id": "vpc-08fb175f949a24955"
          },
          "sensitive_attributes": [],
          "private": "eyJlMmJmYjczMC1lY2FhLTExZTYtOGY4OC0zNDM2M2JjN2M0YzAiOnsiY3JlYXRlIjo2MDAwMDAwMDAwMDAsImRlbGV0ZSI6OTAwMDAwMDAwMDAwfSwic2NoZW1hX3ZlcnNpb24iOiIxIn0="
        }
      ]
    },
    {
      "mode": "managed",
      "type": "aws_security_group",
      "name": "jenkins",
      "provider": "provider[\"registry.terraform.io/hashicorp/aws\"]",
      "instances": [
        {
          "schema_version": 1,
          "attributes": {
            "arn": "arn:aws:ec2:ap-southeast-1:954649286566:security-group/sg-092300e1fc3b85d21",
            "description": "Managed by Terraform",
            "egress": [
              {
                "cidr_blocks": [
                  "0.0.0.0/0"
                ],
                "description": "",
                "from_port": 0,
                "ipv6_cidr_blocks": [],
                "prefix_list_ids": [],
                "protocol": "-1",
                "security_groups": [],
                "self": false,
                "to_port": 0
              }
            ],
            "id": "sg-092300e1fc3b85d21",
            "ingress": [
              {
                "cidr_blocks": [
                  "0.0.0.0/0"
                ],
                "description": "",
                "from_port": 8080,
                "ipv6_cidr_blocks": [],
                "prefix_list_ids": [],
                "protocol": "tcp",
                "security_groups": [],
                "self": false,
                "to_port": 8080
              }
            ],
            "name": "terraform-20230801104435584800000001",
            "name_prefix": "terraform-",
            "owner_id": "954649286566",
            "revoke_rules_on_delete": false,
            "tags": null,
            "tags_all": {},
            "timeouts": null,
            "vpc_id": "vpc-08fb175f949a24955"
          },
          "sensitive_attributes": [],
          "private": "eyJlMmJmYjczMC1lY2FhLTExZTYtOGY4OC0zNDM2M2JjN2M0YzAiOnsiY3JlYXRlIjo2MDAwMDAwMDAwMDAsImRlbGV0ZSI6OTAwMDAwMDAwMDAwfSwic2NoZW1hX3ZlcnNpb24iOiIxIn0="
        }
      ]
    },
    {
      "mode": "managed",
      "type": "local_file",
      "name": "cloud_pem",
      "provider": "provider[\"registry.terraform.io/hashicorp/local\"]",
      "instances": [
        {
          "schema_version": 0,
          "attributes": {
            "content": "-----BEGIN RSA PRIVATE KEY-----\nMIIEpAIBAAKCAQEAvTBdLzAoesJHxVhj5zqft0BWT14/iQMtN7qqgDGsyEjB8ur/\n9AYEHq/ONLm2XW+Yipe9nnE1U1IeQqoa9wwvNAOdaugTe7ypGx7F3ZxyJt900L+b\nZ74h7ge2Zo4wNvmRtNlnCNG1WObFYQQkHOMUGJfZdr6BSTZnmY/aY0qAdMKIyRJR\n4rEdYYf0QpzJwp+l1JICaQFCKm8HC8QejTqM1OpOLf2PV1ZLNuuSTZm92VqxD2yO\n6aTiAO4i/CltFhsTt5YT7PWGRbeP3AXU4od8kmIeVoykRw2umiUaRKivLI5E+e1V\nFqJoj8Igz2OV9BDj0v/P2KcBR059nBM24OIH/wIDAQABAoIBAGOrujwlE/5wol0u\nzxtAAGsL4yzXS4PEf6sPlcoJ4ax24G85LXWDQeJk3q9ac+BP7b5+aPCzVdO6vKSE\nd8ZVzfyKNwHemH0lDLZ0BOxXArDGIwXjHF2QhtGfkJIBMReVbhUoQCceTHs0wSH2\ni4wIekrmnTP486X9mqEFb5nF410fQ6BAzoHyVsBzcTH+56hSmeM+ToU/dDWNyk9W\nbHg0dX/2obRwVwyrX1vbQFRmZg06W27o3ASoymq0dWWyX65gavR4Ho6G/iaYRL0A\nGIyNy4h/d6sMar2RC9rGMwyF3390zMk5rOwljxagE1jwm+isQvkIIc2jltypAHDI\nq+8K6xkCgYEAzzTXeaiPSGe7qaRGQdMZ1ua98WzZ1SXmaoiAepXrzMDxaGWCx4gA\naN9pvTbqddtHSGs2e3oB0jOo5yboWPmybpiiGxc1dbCnHqHTxoQPwRDcr1vRy2KL\nJOeqeVIfL/e/MjVDdTEiXK5glpykxuwGp48xim1ko9eOUka6XhufLTUCgYEA6b1c\nuwm/ENeG3WZdhJy87vfZ8Lw5+x3FxkUrfEs7lCEUgRJVwaBLez3e6ZeeAnCgaZ5B\nVszePlxz2Qx07sQb4V8y8WxP6maWTQzQDCABaVJT+GGAXujbO/jyJsu5C7zvyMOX\nq8JWTRT/3JDOTHe1U8vYkjSB/CgXNQpg20ORauMCgYEAmox9U37IMGc+8A9ZX+uG\n0GWWsyZPa84zCK77tXNxR216IjXkz9K/C3noMnttca62gmuFXZ/pD9H8Xz0D/Klx\nz1AFSVOMSlYSsKRfgygpYAWltR41YxADXOl2m7sHDA4sC9TylcyqJprh7DS2KrEN\nXZlOiEOD1zkGLJQYmezcUykCgYEAnnCF0yMgKMJv4NPqwGGekD3htZVhmB7uWR+6\nAl7c2+Qwie1rw/xsLfYajC0CJpVBp1Zm4/erDoqM3Kvc95xnabWmSpAo+7LeXww4\nWn+3dTUhRlSRN8SQF28AddvSa2p+/4/V18+7wDRj25cswBjFCTA8dZ6yHcLvODz4\nuqhqghECgYB9hb1Cf8ASuOEYoiaeVB/dbfbSUZgZp7jlg15YR61iEJvINCn3M/+Q\n1Uz0yT01poYuUgF/BuoD7yFzsATjMfdVyrQXBCyEhzUrqnNkPtA0ExiicCxYhKkc\n5weomTWpTo/vxsCUj7fB0PnkqXab/kLLKyfNahoFc+olT011IO8fNg==\n-----END RSA PRIVATE KEY-----\n",
            "content_base64": null,
            "content_base64sha256": "Ct6cPYWhqeiLoMKh58F0D+2ZdcZBl8//Sw8v4IbIn8o=",
            "content_base64sha512": "SzyfhVhDaA9ZZps8e8Qt+79s6bgJLVpBGpqOTKGCJULRHYaj7TE0HJST/S5ajHMorg2UfUkj+HFlQZYwGLTE8w==",
            "content_md5": "e34d167c9cabc8fa4a29e1eda3eb6b42",
            "content_sha1": "fbaa4390766f849a779d5662ad4caaa5d3b76349",
            "content_sha256": "0ade9c3d85a1a9e88ba0c2a1e7c1740fed9975c64197cfff4b0f2fe086c89fca",
            "content_sha512": "4b3c9f855843680f59669b3c7bc42dfbbf6ce9b8092d5a411a9a8e4ca1822542d11d86a3ed31341c9493fd2e5a8c7328ae0d947d4923f8716541963018b4c4f3",
            "directory_permission": "0777",
            "file_permission": "0400",
            "filename": "./ansible-key.pem",
            "id": "fbaa4390766f849a779d5662ad4caaa5d3b76349",
            "sensitive_content": null,
            "source": null
          },
          "sensitive_attributes": [
            [
              {
                "type": "get_attr",
                "value": "content"
              }
            ]
          ],
          "dependencies": [
            "tls_private_key.key"
          ]
        }
      ]
    },
    {
      "mode": "managed",
      "type": "tls_private_key",
      "name": "key",
      "provider": "provider[\"registry.terraform.io/hashicorp/tls\"]",
      "instances": [
        {
          "schema_version": 1,
          "attributes": {
            "algorithm": "RSA",
            "ecdsa_curve": "P224",
            "id": "dc5b9d836fcb2eabcbf9370c098fd0cc480c4025",
            "private_key_openssh": "-----BEGIN OPENSSH PRIVATE KEY-----\nb3BlbnNzaC1rZXktdjEAAAAABG5vbmUAAAAEbm9uZQAAAAAAAAABAAABFwAAAAdz\nc2gtcnNhAAAAAwEAAQAAAQEAvTBdLzAoesJHxVhj5zqft0BWT14/iQMtN7qqgDGs\nyEjB8ur/9AYEHq/ONLm2XW+Yipe9nnE1U1IeQqoa9wwvNAOdaugTe7ypGx7F3Zxy\nJt900L+bZ74h7ge2Zo4wNvmRtNlnCNG1WObFYQQkHOMUGJfZdr6BSTZnmY/aY0qA\ndMKIyRJR4rEdYYf0QpzJwp+l1JICaQFCKm8HC8QejTqM1OpOLf2PV1ZLNuuSTZm9\n2VqxD2yO6aTiAO4i/CltFhsTt5YT7PWGRbeP3AXU4od8kmIeVoykRw2umiUaRKiv\nLI5E+e1VFqJoj8Igz2OV9BDj0v/P2KcBR059nBM24OIH/wAAA7iyP9Absj/QGwAA\nAAdzc2gtcnNhAAABAQC9MF0vMCh6wkfFWGPnOp+3QFZPXj+JAy03uqqAMazISMHy\n6v/0BgQer840ubZdb5iKl72ecTVTUh5Cqhr3DC80A51q6BN7vKkbHsXdnHIm33TQ\nv5tnviHuB7ZmjjA2+ZG02WcI0bVY5sVhBCQc4xQYl9l2voFJNmeZj9pjSoB0wojJ\nElHisR1hh/RCnMnCn6XUkgJpAUIqbwcLxB6NOozU6k4t/Y9XVks265JNmb3ZWrEP\nbI7ppOIA7iL8KW0WGxO3lhPs9YZFt4/cBdTih3ySYh5WjKRHDa6aJRpEqK8sjkT5\n7VUWomiPwiDPY5X0EOPS/8/YpwFHTn2cEzbg4gf/AAAAAwEAAQAAAQBjq7o8JRP+\ncKJdLs8bQABrC+Ms10uDxH+rD5XKCeGsduBvOS11g0HiZN6vWnPgT+2+fmjws1XT\nurykhHfGVc38ijcB3ph9JQy2dATsVwKwxiMF4xxdkIbRn5CSATEXlW4VKEAnHkx7\nNMEh9ouMCHpK5p0z+POl/ZqhBW+ZxeNdH0OgQM6B8lbAc3Ex/ueoUpnjPk6FP3Q1\njcpPVmx4NHV/9qG0cFcMq19b20BUZmYNOltu6NwEqMpqtHVlsl+uYGr0eB6Ohv4m\nmES9ABiMjcuIf3erDGq9kQvaxjMMhd9/dMzJOazsJY8WoBNY8JvorEL5CCHNo5bc\nqQBwyKvvCusZAAAAgH2FvUJ/wBK44RiiJp5UH91t9tJRmBmnuOWDXlhHrWIQm8g0\nKfcz/5DVTPTJPTWmhi5SAX8G6gPvIXOwBOMx91XKtBcELISHNSuqc2Q+0DQTGKJw\nLFiEqRznB6iZNalOj+/GwJSPt8HQ+eSpdpv+QssrJ81qGgVz6iVPTXUg7x82AAAA\ngQDPNNd5qI9IZ7uppEZB0xnW5r3xbNnVJeZqiIB6levMwPFoZYLHiABo32m9Nup1\n20dIazZ7egHSM6jnJuhY+bJumKIbFzV1sKceodPGhA/BENyvW9HLYosk56p5Uh8v\n978yNUN1MSJcrmCWnKTG7AanjzGKbWSj145SRrpeG58tNQAAAIEA6b1cuwm/ENeG\n3WZdhJy87vfZ8Lw5+x3FxkUrfEs7lCEUgRJVwaBLez3e6ZeeAnCgaZ5BVszePlxz\n2Qx07sQb4V8y8WxP6maWTQzQDCABaVJT+GGAXujbO/jyJsu5C7zvyMOXq8JWTRT/\n3JDOTHe1U8vYkjSB/CgXNQpg20ORauMAAAAAAQID\n-----END OPENSSH PRIVATE KEY-----\n",
            "private_key_pem": "-----BEGIN RSA PRIVATE KEY-----\nMIIEpAIBAAKCAQEAvTBdLzAoesJHxVhj5zqft0BWT14/iQMtN7qqgDGsyEjB8ur/\n9AYEHq/ONLm2XW+Yipe9nnE1U1IeQqoa9wwvNAOdaugTe7ypGx7F3ZxyJt900L+b\nZ74h7ge2Zo4wNvmRtNlnCNG1WObFYQQkHOMUGJfZdr6BSTZnmY/aY0qAdMKIyRJR\n4rEdYYf0QpzJwp+l1JICaQFCKm8HC8QejTqM1OpOLf2PV1ZLNuuSTZm92VqxD2yO\n6aTiAO4i/CltFhsTt5YT7PWGRbeP3AXU4od8kmIeVoykRw2umiUaRKivLI5E+e1V\nFqJoj8Igz2OV9BDj0v/P2KcBR059nBM24OIH/wIDAQABAoIBAGOrujwlE/5wol0u\nzxtAAGsL4yzXS4PEf6sPlcoJ4ax24G85LXWDQeJk3q9ac+BP7b5+aPCzVdO6vKSE\nd8ZVzfyKNwHemH0lDLZ0BOxXArDGIwXjHF2QhtGfkJIBMReVbhUoQCceTHs0wSH2\ni4wIekrmnTP486X9mqEFb5nF410fQ6BAzoHyVsBzcTH+56hSmeM+ToU/dDWNyk9W\nbHg0dX/2obRwVwyrX1vbQFRmZg06W27o3ASoymq0dWWyX65gavR4Ho6G/iaYRL0A\nGIyNy4h/d6sMar2RC9rGMwyF3390zMk5rOwljxagE1jwm+isQvkIIc2jltypAHDI\nq+8K6xkCgYEAzzTXeaiPSGe7qaRGQdMZ1ua98WzZ1SXmaoiAepXrzMDxaGWCx4gA\naN9pvTbqddtHSGs2e3oB0jOo5yboWPmybpiiGxc1dbCnHqHTxoQPwRDcr1vRy2KL\nJOeqeVIfL/e/MjVDdTEiXK5glpykxuwGp48xim1ko9eOUka6XhufLTUCgYEA6b1c\nuwm/ENeG3WZdhJy87vfZ8Lw5+x3FxkUrfEs7lCEUgRJVwaBLez3e6ZeeAnCgaZ5B\nVszePlxz2Qx07sQb4V8y8WxP6maWTQzQDCABaVJT+GGAXujbO/jyJsu5C7zvyMOX\nq8JWTRT/3JDOTHe1U8vYkjSB/CgXNQpg20ORauMCgYEAmox9U37IMGc+8A9ZX+uG\n0GWWsyZPa84zCK77tXNxR216IjXkz9K/C3noMnttca62gmuFXZ/pD9H8Xz0D/Klx\nz1AFSVOMSlYSsKRfgygpYAWltR41YxADXOl2m7sHDA4sC9TylcyqJprh7DS2KrEN\nXZlOiEOD1zkGLJQYmezcUykCgYEAnnCF0yMgKMJv4NPqwGGekD3htZVhmB7uWR+6\nAl7c2+Qwie1rw/xsLfYajC0CJpVBp1Zm4/erDoqM3Kvc95xnabWmSpAo+7LeXww4\nWn+3dTUhRlSRN8SQF28AddvSa2p+/4/V18+7wDRj25cswBjFCTA8dZ6yHcLvODz4\nuqhqghECgYB9hb1Cf8ASuOEYoiaeVB/dbfbSUZgZp7jlg15YR61iEJvINCn3M/+Q\n1Uz0yT01poYuUgF/BuoD7yFzsATjMfdVyrQXBCyEhzUrqnNkPtA0ExiicCxYhKkc\n5weomTWpTo/vxsCUj7fB0PnkqXab/kLLKyfNahoFc+olT011IO8fNg==\n-----END RSA PRIVATE KEY-----\n",
            "private_key_pem_pkcs8": "-----BEGIN PRIVATE KEY-----\nMIIEvgIBADANBgkqhkiG9w0BAQEFAASCBKgwggSkAgEAAoIBAQC9MF0vMCh6wkfF\nWGPnOp+3QFZPXj+JAy03uqqAMazISMHy6v/0BgQer840ubZdb5iKl72ecTVTUh5C\nqhr3DC80A51q6BN7vKkbHsXdnHIm33TQv5tnviHuB7ZmjjA2+ZG02WcI0bVY5sVh\nBCQc4xQYl9l2voFJNmeZj9pjSoB0wojJElHisR1hh/RCnMnCn6XUkgJpAUIqbwcL\nxB6NOozU6k4t/Y9XVks265JNmb3ZWrEPbI7ppOIA7iL8KW0WGxO3lhPs9YZFt4/c\nBdTih3ySYh5WjKRHDa6aJRpEqK8sjkT57VUWomiPwiDPY5X0EOPS/8/YpwFHTn2c\nEzbg4gf/AgMBAAECggEAY6u6PCUT/nCiXS7PG0AAawvjLNdLg8R/qw+VygnhrHbg\nbzktdYNB4mTer1pz4E/tvn5o8LNV07q8pIR3xlXN/Io3Ad6YfSUMtnQE7FcCsMYj\nBeMcXZCG0Z+QkgExF5VuFShAJx5MezTBIfaLjAh6SuadM/jzpf2aoQVvmcXjXR9D\noEDOgfJWwHNxMf7nqFKZ4z5OhT90NY3KT1ZseDR1f/ahtHBXDKtfW9tAVGZmDTpb\nbujcBKjKarR1ZbJfrmBq9Hgejob+JphEvQAYjI3LiH93qwxqvZEL2sYzDIXff3TM\nyTms7CWPFqATWPCb6KxC+QghzaOW3KkAcMir7wrrGQKBgQDPNNd5qI9IZ7uppEZB\n0xnW5r3xbNnVJeZqiIB6levMwPFoZYLHiABo32m9Nup120dIazZ7egHSM6jnJuhY\n+bJumKIbFzV1sKceodPGhA/BENyvW9HLYosk56p5Uh8v978yNUN1MSJcrmCWnKTG\n7AanjzGKbWSj145SRrpeG58tNQKBgQDpvVy7Cb8Q14bdZl2EnLzu99nwvDn7HcXG\nRSt8SzuUIRSBElXBoEt7Pd7pl54CcKBpnkFWzN4+XHPZDHTuxBvhXzLxbE/qZpZN\nDNAMIAFpUlP4YYBe6Ns7+PImy7kLvO/Iw5erwlZNFP/ckM5Md7VTy9iSNIH8KBc1\nCmDbQ5Fq4wKBgQCajH1TfsgwZz7wD1lf64bQZZazJk9rzjMIrvu1c3FHbXoiNeTP\n0r8Leegye21xrraCa4Vdn+kP0fxfPQP8qXHPUAVJU4xKVhKwpF+DKClgBaW1HjVj\nEANc6XabuwcMDiwL1PKVzKommuHsNLYqsQ1dmU6IQ4PXOQYslBiZ7NxTKQKBgQCe\ncIXTIyAowm/g0+rAYZ6QPeG1lWGYHu5ZH7oCXtzb5DCJ7WvD/Gwt9hqMLQImlUGn\nVmbj96sOiozcq9z3nGdptaZKkCj7st5fDDhaf7d1NSFGVJE3xJAXbwB129Jran7/\nj9XXz7vANGPblyzAGMUJMDx1nrIdwu84PPi6qGqCEQKBgH2FvUJ/wBK44RiiJp5U\nH91t9tJRmBmnuOWDXlhHrWIQm8g0Kfcz/5DVTPTJPTWmhi5SAX8G6gPvIXOwBOMx\n91XKtBcELISHNSuqc2Q+0DQTGKJwLFiEqRznB6iZNalOj+/GwJSPt8HQ+eSpdpv+\nQssrJ81qGgVz6iVPTXUg7x82\n-----END PRIVATE KEY-----\n",
            "public_key_fingerprint_md5": "4d:5d:4c:dd:1c:b5:49:93:95:b4:f0:0a:0f:13:82:b3",
            "public_key_fingerprint_sha256": "SHA256:hEjKrbUm2PQVHGUuWUAIZ9ufz4SJrZETAOImpHngQII",
            "public_key_openssh": "ssh-rsa AAAAB3NzaC1yc2EAAAADAQABAAABAQC9MF0vMCh6wkfFWGPnOp+3QFZPXj+JAy03uqqAMazISMHy6v/0BgQer840ubZdb5iKl72ecTVTUh5Cqhr3DC80A51q6BN7vKkbHsXdnHIm33TQv5tnviHuB7ZmjjA2+ZG02WcI0bVY5sVhBCQc4xQYl9l2voFJNmeZj9pjSoB0wojJElHisR1hh/RCnMnCn6XUkgJpAUIqbwcLxB6NOozU6k4t/Y9XVks265JNmb3ZWrEPbI7ppOIA7iL8KW0WGxO3lhPs9YZFt4/cBdTih3ySYh5WjKRHDa6aJRpEqK8sjkT57VUWomiPwiDPY5X0EOPS/8/YpwFHTn2cEzbg4gf/\n",
            "public_key_pem": "-----BEGIN PUBLIC KEY-----\nMIIBIjANBgkqhkiG9w0BAQEFAAOCAQ8AMIIBCgKCAQEAvTBdLzAoesJHxVhj5zqf\nt0BWT14/iQMtN7qqgDGsyEjB8ur/9AYEHq/ONLm2XW+Yipe9nnE1U1IeQqoa9wwv\nNAOdaugTe7ypGx7F3ZxyJt900L+bZ74h7ge2Zo4wNvmRtNlnCNG1WObFYQQkHOMU\nGJfZdr6BSTZnmY/aY0qAdMKIyRJR4rEdYYf0QpzJwp+l1JICaQFCKm8HC8QejTqM\n1OpOLf2PV1ZLNuuSTZm92VqxD2yO6aTiAO4i/CltFhsTt5YT7PWGRbeP3AXU4od8\nkmIeVoykRw2umiUaRKivLI5E+e1VFqJoj8Igz2OV9BDj0v/P2KcBR059nBM24OIH\n/wIDAQAB\n-----END PUBLIC KEY-----\n",
            "rsa_bits": 2048
          },
          "sensitive_attributes": []
        }
      ]
    }
  ],
  "check_results": null
}
